
Microsoft Visual Studio Solution File, Format Version 12.00
# Visual Studio Version 17
VisualStudioVersion = 17.7.34003.232
MinimumVisualStudioVersion = 10.0.40219.1
Project("{9A19103F-16F7-4668-BE54-9A1E7A4F7556}") = "CFEWled", "CFEWled.csproj", "{8E1536B0-AB4F-4081-8D9C-BC16BDE10E0E}"
EndProject
Global
	GlobalSection(SolutionConfigurationPlatforms) = preSolution
		Debug|Any CPU = Debug|Any CPU
		Release|Any CPU = Release|Any CPU
	EndGlobalSection
	GlobalSection(ProjectConfigurationPlatforms) = postSolution
		{8E1536B0-AB4F-4081-8D9C-BC16BDE10E0E}.Debug|Any CPU.ActiveCfg = Debug|Any CPU
		{8E1536B0-AB4F-4081-8D9C-BC16BDE10E0E}.Debug|Any CPU.Build.0 = Debug|Any CPU
		{8E1536B0-AB4F-4081-8D9C-BC16BDE10E0E}.Release|Any CPU.ActiveCfg = Release|Any CPU
		{8E1536B0-AB4F-4081-8D9C-BC16BDE10E0E}.Release|Any CPU.Build.0 = Release|Any CPU
	EndGlobalSection
	GlobalSection(SolutionProperties) = preSolution
		HideSolutionNode = FALSE
	EndGlobalSection
	GlobalSection(ExtensibilityGlobals) = postSolution
		SolutionGuid = {AE37DED7-38BA-442D-9624-BA53E3BCF964}
	EndGlobalSection
EndGlobal
